lockfileVersion: '6.0'

settings:
  autoInstallPeers: true
  excludeLinksFromLockfile: false

dependencies:
  '@tanstack/react-query':
    specifier: 5.22.2
    version: 5.22.2(react@18.2.0)
  '@tanstack/react-query-devtools':
    specifier: 5.0.0
    version: 5.0.0(@tanstack/react-query@5.22.2)(react-dom@18.2.0)(react@18.2.0)

packages:

  /@tanstack/query-core@5.22.2:
    resolution: {integrity: sha512-z3PwKFUFACMUqe1eyesCIKg3Jv1mysSrYfrEW5ww5DCDUD4zlpTKBvUDaEjsfZzL3ULrFLDM9yVUxI/fega1Qg==}
    dev: false

  /@tanstack/query-devtools@5.0.0:
    resolution: {integrity: sha512-WATg9+nreAmtTRHzxvCFN6j4ucUVbkJNd8ErcYmf7Y6GsJw/BGscd4rWS7cdAP7zfTcPjHjGaRB041pcv8dNvA==}
    dev: false

  /@tanstack/react-query-devtools@5.0.0(@tanstack/react-query@5.22.2)(react-dom@18.2.0)(react@18.2.0):
    resolution: {integrity: sha512-4yw29d89eOqUmliRKGmEOjuq2AGSM3i4jjw/YFMrErg0neVITy2bkoU3fPXZ339czlupqq0b4e20uFVtqkEqGQ==}
    peerDependencies:
      '@tanstack/react-query': ^5.0.0
      react: ^18.0.0
      react-dom: ^18.0.0
    dependencies:
      '@tanstack/query-devtools': 5.0.0
      '@tanstack/react-query': 5.22.2(react@18.2.0)
      react: 18.2.0
      react-dom: 18.2.0(react@18.2.0)
    dev: false

  /@tanstack/react-query@5.22.2(react@18.2.0):
    resolution: {integrity: sha512-TaxJDRzJ8/NWRT4lY2jguKCrNI6MRN+67dELzPjNUlvqzTxGANlMp68l7aC7hG8Bd1uHNxHl7ihv7MT50i/43A==}
    peerDependencies:
      react: ^18.0.0
    dependencies:
      '@tanstack/query-core': 5.22.2
      react: 18.2.0
    dev: false

  /js-tokens@4.0.0:
    resolution: {integrity: sha512-RdJUflcE3cUzKiMqQgsCu06FPu9UdIJO0beYbPhHN4k6apgJtifcoCtT9bcxOpYBtpD2kCM6Sbzg4CausW/PKQ==}
    dev: false

  /loose-envify@1.4.0:
    resolution: {integrity: sha512-lyuxPGr/Wfhrlem2CL/UcnUc1zcqKAImBDzukY7Y5F/yQiNdko6+fRLevlw1HgMySw7f611UIY408EtxRSoK3Q==}
    hasBin: true
    dependencies:
      js-tokens: 4.0.0
    dev: false

  /react-dom@18.2.0(react@18.2.0):
    resolution: {integrity: sha512-6IMTriUmvsjHUjNtEDudZfuDQUoWXVxKHhlEGSk81n4YFS+r/Kl99wXiwlVXtPBtJenozv2P+hxDsw9eA7Xo6g==}
    peerDependencies:
      react: ^18.2.0
    dependencies:
      loose-envify: 1.4.0
      react: 18.2.0
      scheduler: 0.23.0
    dev: false

  /react@18.2.0:
    resolution: {integrity: sha512-/3IjMdb2L9QbBdWiW5e3P2/npwMBaU9mHCSCUzNln0ZCYbcfTsGbTJrU/kGemdH2IWmB2ioZ+zkxtmq6g09fGQ==}
    engines: {node: '>=0.10.0'}
    dependencies:
      loose-envify: 1.4.0
    dev: false

  /scheduler@0.23.0:
    resolution: {integrity: sha512-CtuThmgHNg7zIZWAXi3AsyIzA3n4xx7aNyjwC2VJldO2LMVDhFK+63xGqq6CsJH4rTAt6/M+N4GhZiDYPx9eUw==}
    dependencies:
      loose-envify: 1.4.0
    dev: false
