
Microsoft Visual Studio Solution File, Format Version 12.00
# Visual Studio Version 17
VisualStudioVersion = 17.0.31903.59
MinimumVisualStudioVersion = 10.0.40219.1
Project("{2150E333-8FDC-42A3-9474-1A3956D46DE8}") = "src", "src", "{55D0DD0C-1E34-4D50-AF95-53349574AA84}"
EndProject
Project("{2150E333-8FDC-42A3-9474-1A3956D46DE8}") = "Core", "Core", "{4D3609B3-93D3-49A6-A12B-8D9B83F67119}"
EndProject
Project("{FAE04EC0-301F-11D3-BF4B-00C04F79EFBC}") = "Yak.Core.Abstractions", "src\Core\Abstractions\Yak.Core.Abstractions.csproj", "{A25BA1DB-0145-4868-A96D-328AD2515C0D}"
EndProject
Project("{FAE04EC0-301F-11D3-BF4B-00C04F79EFBC}") = "Yak.Core.Common", "src\Core\Common\Yak.Core.Common.csproj", "{48FA4CDA-CF9D-46BF-9E0D-C03E53B9A51A}"
EndProject
Project("{FAE04EC0-301F-11D3-BF4B-00C04F79EFBC}") = "Yak.Core.Cqrs", "src\Core\Cqrs\Yak.Core.Cqrs.csproj", "{D265C664-3FED-4DAE-B66C-CC8B4AFE9D07}"
EndProject
Project("{2150E333-8FDC-42A3-9474-1A3956D46DE8}") = "Modules", "Modules", "{D609A74C-F7C1-432D-86AE-32171B2CE962}"
EndProject
Project("{2150E333-8FDC-42A3-9474-1A3956D46DE8}") = "Identity", "Identity", "{6F3FC865-8BC6-47E4-84D0-4C69CC6F3EB5}"
EndProject
Project("{FAE04EC0-301F-11D3-BF4B-00C04F79EFBC}") = "Yak.Modules.Identity", "src\Modules\Identity\src\Yak.Modules.Identity.csproj", "{A1F5AB38-735F-45B9-87F3-577603B9EEC6}"
EndProject
Project("{2150E333-8FDC-42A3-9474-1A3956D46DE8}") = "Kanban", "Kanban", "{653AF31B-CE50-44F6-A015-9AD8CE9314EE}"
EndProject
Project("{FAE04EC0-301F-11D3-BF4B-00C04F79EFBC}") = "Yak.Modules.Kanban", "src\Modules\Kanban\src\Yak.Modules.Kanban.csproj", "{1B3736EB-30DA-46FA-A453-BA8BE32C2836}"
EndProject
Project("{FAE04EC0-301F-11D3-BF4B-00C04F79EFBC}") = "Yak.Host", "src\Host\Yak.Host.csproj", "{5A7DCFB1-CD46-461E-8513-BD6B46AA8A85}"
EndProject
Project("{FAE04EC0-301F-11D3-BF4B-00C04F79EFBC}") = "Yak.Core.Swashbuckle", "src\Core\Swashbuckle\Yak.Core.Swashbuckle.csproj", "{6D75F6B2-B710-4F83-8334-B625009C0232}"
EndProject
Project("{2150E333-8FDC-42A3-9474-1A3956D46DE8}") = "tests", "tests", "{548701F0-E17A-4A3A-8312-CD8528C61613}"
EndProject
Project("{FAE04EC0-301F-11D3-BF4B-00C04F79EFBC}") = "Yak.Modules.Kanban.UnitTests", "src\Modules\Kanban\tests\UnitTests\Yak.Modules.Kanban.UnitTests.csproj", "{D9E4B343-321B-41E6-824A-77912B0A70F2}"
EndProject
Project("{FAE04EC0-301F-11D3-BF4B-00C04F79EFBC}") = "Yak.Modules.Kanban.IntegrationTests", "src\Modules\Kanban\tests\IntegrationTests\Yak.Modules.Kanban.IntegrationTests.csproj", "{77E7DB31-2B55-483C-8234-50592DEC5462}"
EndProject
Project("{FAE04EC0-301F-11D3-BF4B-00C04F79EFBC}") = "Yak.Modules.Kanban.FunctionalTests", "src\Modules\Kanban\tests\FunctionalTests\Yak.Modules.Kanban.FunctionalTests.csproj", "{F0CC9B63-6974-43BF-9F13-180F8C05D02C}"
EndProject
Project("{2150E333-8FDC-42A3-9474-1A3956D46DE8}") = "tests", "tests", "{12C47BB3-2185-4190-BA9C-4A468A8C42D7}"
EndProject
Project("{FAE04EC0-301F-11D3-BF4B-00C04F79EFBC}") = "Yak.Modules.Identity.FunctionalTests", "src\Modules\Identity\tests\FunctionalTests\Yak.Modules.Identity.FunctionalTests.csproj", "{756F0F2A-DCF3-4D06-8438-7C27F853CC58}"
EndProject
Project("{FAE04EC0-301F-11D3-BF4B-00C04F79EFBC}") = "Yak.Core.ErrorHandling", "src\Core\ErrorHandling\Yak.Core.ErrorHandling.csproj", "{5C4B9675-4F55-4588-85C5-B7276207EC92}"
EndProject
Project("{FAE04EC0-301F-11D3-BF4B-00C04F79EFBC}") = "Yak.Modules.Identity.Shared", "src\Modules\Identity\shared\Yak.Modules.Identity.Shared.csproj", "{B577475B-B423-4F97-AE9C-8D27209BF790}"
EndProject
Global
	GlobalSection(SolutionConfigurationPlatforms) = preSolution
		Debug|Any CPU = Debug|Any CPU
		Release|Any CPU = Release|Any CPU
	EndGlobalSection
	GlobalSection(SolutionProperties) = preSolution
		HideSolutionNode = FALSE
	EndGlobalSection
	GlobalSection(ProjectConfigurationPlatforms) = postSolution
		{A25BA1DB-0145-4868-A96D-328AD2515C0D}.Debug|Any CPU.ActiveCfg = Debug|Any CPU
		{A25BA1DB-0145-4868-A96D-328AD2515C0D}.Debug|Any CPU.Build.0 = Debug|Any CPU
		{A25BA1DB-0145-4868-A96D-328AD2515C0D}.Release|Any CPU.ActiveCfg = Release|Any CPU
		{A25BA1DB-0145-4868-A96D-328AD2515C0D}.Release|Any CPU.Build.0 = Release|Any CPU
		{48FA4CDA-CF9D-46BF-9E0D-C03E53B9A51A}.Debug|Any CPU.ActiveCfg = Debug|Any CPU
		{48FA4CDA-CF9D-46BF-9E0D-C03E53B9A51A}.Debug|Any CPU.Build.0 = Debug|Any CPU
		{48FA4CDA-CF9D-46BF-9E0D-C03E53B9A51A}.Release|Any CPU.ActiveCfg = Release|Any CPU
		{48FA4CDA-CF9D-46BF-9E0D-C03E53B9A51A}.Release|Any CPU.Build.0 = Release|Any CPU
		{D265C664-3FED-4DAE-B66C-CC8B4AFE9D07}.Debug|Any CPU.ActiveCfg = Debug|Any CPU
		{D265C664-3FED-4DAE-B66C-CC8B4AFE9D07}.Debug|Any CPU.Build.0 = Debug|Any CPU
		{D265C664-3FED-4DAE-B66C-CC8B4AFE9D07}.Release|Any CPU.ActiveCfg = Release|Any CPU
		{D265C664-3FED-4DAE-B66C-CC8B4AFE9D07}.Release|Any CPU.Build.0 = Release|Any CPU
		{A1F5AB38-735F-45B9-87F3-577603B9EEC6}.Debug|Any CPU.ActiveCfg = Debug|Any CPU
		{A1F5AB38-735F-45B9-87F3-577603B9EEC6}.Debug|Any CPU.Build.0 = Debug|Any CPU
		{A1F5AB38-735F-45B9-87F3-577603B9EEC6}.Release|Any CPU.ActiveCfg = Release|Any CPU
		{A1F5AB38-735F-45B9-87F3-577603B9EEC6}.Release|Any CPU.Build.0 = Release|Any CPU
		{1B3736EB-30DA-46FA-A453-BA8BE32C2836}.Debug|Any CPU.ActiveCfg = Debug|Any CPU
		{1B3736EB-30DA-46FA-A453-BA8BE32C2836}.Debug|Any CPU.Build.0 = Debug|Any CPU
		{1B3736EB-30DA-46FA-A453-BA8BE32C2836}.Release|Any CPU.ActiveCfg = Release|Any CPU
		{1B3736EB-30DA-46FA-A453-BA8BE32C2836}.Release|Any CPU.Build.0 = Release|Any CPU
		{5A7DCFB1-CD46-461E-8513-BD6B46AA8A85}.Debug|Any CPU.ActiveCfg = Debug|Any CPU
		{5A7DCFB1-CD46-461E-8513-BD6B46AA8A85}.Debug|Any CPU.Build.0 = Debug|Any CPU
		{5A7DCFB1-CD46-461E-8513-BD6B46AA8A85}.Release|Any CPU.ActiveCfg = Release|Any CPU
		{5A7DCFB1-CD46-461E-8513-BD6B46AA8A85}.Release|Any CPU.Build.0 = Release|Any CPU
		{6D75F6B2-B710-4F83-8334-B625009C0232}.Debug|Any CPU.ActiveCfg = Debug|Any CPU
		{6D75F6B2-B710-4F83-8334-B625009C0232}.Debug|Any CPU.Build.0 = Debug|Any CPU
		{6D75F6B2-B710-4F83-8334-B625009C0232}.Release|Any CPU.ActiveCfg = Release|Any CPU
		{6D75F6B2-B710-4F83-8334-B625009C0232}.Release|Any CPU.Build.0 = Release|Any CPU
		{D9E4B343-321B-41E6-824A-77912B0A70F2}.Debug|Any CPU.ActiveCfg = Debug|Any CPU
		{D9E4B343-321B-41E6-824A-77912B0A70F2}.Debug|Any CPU.Build.0 = Debug|Any CPU
		{D9E4B343-321B-41E6-824A-77912B0A70F2}.Release|Any CPU.ActiveCfg = Release|Any CPU
		{D9E4B343-321B-41E6-824A-77912B0A70F2}.Release|Any CPU.Build.0 = Release|Any CPU
		{77E7DB31-2B55-483C-8234-50592DEC5462}.Debug|Any CPU.ActiveCfg = Debug|Any CPU
		{77E7DB31-2B55-483C-8234-50592DEC5462}.Debug|Any CPU.Build.0 = Debug|Any CPU
		{77E7DB31-2B55-483C-8234-50592DEC5462}.Release|Any CPU.ActiveCfg = Release|Any CPU
		{77E7DB31-2B55-483C-8234-50592DEC5462}.Release|Any CPU.Build.0 = Release|Any CPU
		{F0CC9B63-6974-43BF-9F13-180F8C05D02C}.Debug|Any CPU.ActiveCfg = Debug|Any CPU
		{F0CC9B63-6974-43BF-9F13-180F8C05D02C}.Debug|Any CPU.Build.0 = Debug|Any CPU
		{F0CC9B63-6974-43BF-9F13-180F8C05D02C}.Release|Any CPU.ActiveCfg = Release|Any CPU
		{F0CC9B63-6974-43BF-9F13-180F8C05D02C}.Release|Any CPU.Build.0 = Release|Any CPU
		{756F0F2A-DCF3-4D06-8438-7C27F853CC58}.Debug|Any CPU.ActiveCfg = Debug|Any CPU
		{756F0F2A-DCF3-4D06-8438-7C27F853CC58}.Debug|Any CPU.Build.0 = Debug|Any CPU
		{756F0F2A-DCF3-4D06-8438-7C27F853CC58}.Release|Any CPU.ActiveCfg = Release|Any CPU
		{756F0F2A-DCF3-4D06-8438-7C27F853CC58}.Release|Any CPU.Build.0 = Release|Any CPU
		{5C4B9675-4F55-4588-85C5-B7276207EC92}.Debug|Any CPU.ActiveCfg = Debug|Any CPU
		{5C4B9675-4F55-4588-85C5-B7276207EC92}.Debug|Any CPU.Build.0 = Debug|Any CPU
		{5C4B9675-4F55-4588-85C5-B7276207EC92}.Release|Any CPU.ActiveCfg = Release|Any CPU
		{5C4B9675-4F55-4588-85C5-B7276207EC92}.Release|Any CPU.Build.0 = Release|Any CPU
		{B577475B-B423-4F97-AE9C-8D27209BF790}.Debug|Any CPU.ActiveCfg = Debug|Any CPU
		{B577475B-B423-4F97-AE9C-8D27209BF790}.Debug|Any CPU.Build.0 = Debug|Any CPU
		{B577475B-B423-4F97-AE9C-8D27209BF790}.Release|Any CPU.ActiveCfg = Release|Any CPU
		{B577475B-B423-4F97-AE9C-8D27209BF790}.Release|Any CPU.Build.0 = Release|Any CPU
	EndGlobalSection
	GlobalSection(NestedProjects) = preSolution
		{4D3609B3-93D3-49A6-A12B-8D9B83F67119} = {55D0DD0C-1E34-4D50-AF95-53349574AA84}
		{A25BA1DB-0145-4868-A96D-328AD2515C0D} = {4D3609B3-93D3-49A6-A12B-8D9B83F67119}
		{48FA4CDA-CF9D-46BF-9E0D-C03E53B9A51A} = {4D3609B3-93D3-49A6-A12B-8D9B83F67119}
		{D265C664-3FED-4DAE-B66C-CC8B4AFE9D07} = {4D3609B3-93D3-49A6-A12B-8D9B83F67119}
		{D609A74C-F7C1-432D-86AE-32171B2CE962} = {55D0DD0C-1E34-4D50-AF95-53349574AA84}
		{6F3FC865-8BC6-47E4-84D0-4C69CC6F3EB5} = {D609A74C-F7C1-432D-86AE-32171B2CE962}
		{A1F5AB38-735F-45B9-87F3-577603B9EEC6} = {6F3FC865-8BC6-47E4-84D0-4C69CC6F3EB5}
		{653AF31B-CE50-44F6-A015-9AD8CE9314EE} = {D609A74C-F7C1-432D-86AE-32171B2CE962}
		{1B3736EB-30DA-46FA-A453-BA8BE32C2836} = {653AF31B-CE50-44F6-A015-9AD8CE9314EE}
		{5A7DCFB1-CD46-461E-8513-BD6B46AA8A85} = {55D0DD0C-1E34-4D50-AF95-53349574AA84}
		{6D75F6B2-B710-4F83-8334-B625009C0232} = {4D3609B3-93D3-49A6-A12B-8D9B83F67119}
		{548701F0-E17A-4A3A-8312-CD8528C61613} = {653AF31B-CE50-44F6-A015-9AD8CE9314EE}
		{D9E4B343-321B-41E6-824A-77912B0A70F2} = {548701F0-E17A-4A3A-8312-CD8528C61613}
		{77E7DB31-2B55-483C-8234-50592DEC5462} = {548701F0-E17A-4A3A-8312-CD8528C61613}
		{F0CC9B63-6974-43BF-9F13-180F8C05D02C} = {548701F0-E17A-4A3A-8312-CD8528C61613}
		{12C47BB3-2185-4190-BA9C-4A468A8C42D7} = {6F3FC865-8BC6-47E4-84D0-4C69CC6F3EB5}
		{756F0F2A-DCF3-4D06-8438-7C27F853CC58} = {12C47BB3-2185-4190-BA9C-4A468A8C42D7}
		{5C4B9675-4F55-4588-85C5-B7276207EC92} = {4D3609B3-93D3-49A6-A12B-8D9B83F67119}
		{B577475B-B423-4F97-AE9C-8D27209BF790} = {6F3FC865-8BC6-47E4-84D0-4C69CC6F3EB5}
	EndGlobalSection
EndGlobal
